
Microsoft Visual Studio Solution File, Format Version 12.00
# Visual Studio Version 17
VisualStudioVersion = 17.4.33103.184
MinimumVisualStudioVersion = 10.0.40219.1
Project("{FAE04EC0-301F-11D3-BF4B-00C04F79EFBC}") = "Movies_Api", "Movies_Api\Movies_Api.csproj", "{A649DC61-6644-44CA-8C29-B01696CDC255}"
EndProject
Global
	GlobalSection(SolutionConfigurationPlatforms) = preSolution
		Debug|Any CPU = Debug|Any CPU
		Release|Any CPU = Release|Any CPU
	EndGlobalSection
	GlobalSection(ProjectConfigurationPlatforms) = postSolution
		{A649DC61-6644-44CA-8C29-B01696CDC255}.Debug|Any CPU.ActiveCfg = Debug|Any CPU
		{A649DC61-6644-44CA-8C29-B01696CDC255}.Debug|Any CPU.Build.0 = Debug|Any CPU
		{A649DC61-6644-44CA-8C29-B01696CDC255}.Release|Any CPU.ActiveCfg = Release|Any CPU
		{A649DC61-6644-44CA-8C29-B01696CDC255}.Release|Any CPU.Build.0 = Release|Any CPU
	EndGlobalSection
	GlobalSection(SolutionProperties) = preSolution
		HideSolutionNode = FALSE
	EndGlobalSection
	GlobalSection(ExtensibilityGlobals) = postSolution
		SolutionGuid = {96F9AFF8-2D8D-4B6C-A5C3-264A5DB33904}
	EndGlobalSection
EndGlobal
